version = 1
revision = 3
requires-python = ">=3.12"

[[package]]
name = "confluent-kafka"
version = "2.13.0"
source = { registry = "https://pypi.org/simple" }
sdist = { url = "https://files.pythonhosted.org/packages/b4/d0/1f5055331fa660225de6829b143e6f083913f0a96481134a91390bad62c1/confluent_kafka-2.13.0.tar.gz", hash = "sha256:eff7a4391a9e6d4a33f0c05d0935b200a7463834f1f5d6e6253be318f910babd", size = 273621, upload-time = "2026-01-05T10:25:08.078Z" }
wheels = [
    { url = "https://files.pythonhosted.org/packages/e9/cc/6bf9e5b3ee4bfdb39d3fcc7efabc9f577aa51e9e20139adc8d10e61593a5/confluent_kafka-2.13.0-cp312-cp312-macosx_10_9_x86_64.whl", hash = "sha256:a69263f22a8c53c7d55067e7795ed49d22c374b9473df91982816a0448e6d242", size = 3631367, upload-time = "2026-01-05T10:23:48.076Z" },
    { url = "https://files.pythonhosted.org/packages/10/3d/c299df69885be6fdfc8b105b8106b2b4c73c745fa608cf579eb7e14a3da9/confluent_kafka-2.13.0-cp312-cp312-macosx_11_0_arm64.whl", hash = "sha256:0945c7f529e66a18aa19135aa18bfdc239ca6c0f6df6ca9b05a793d9b76c1c4b", size = 3191073, upload-time = "2026-01-05T10:23:49.967Z" },
    { url = "https://files.pythonhosted.org/packages/82/2e/854aedcd9c9042491c1fcafaadc03a3b0e357ddc23044781d02920b46ea2/confluent_kafka-2.13.0-cp312-cp312-manylinux_2_28_aarch64.whl", hash = "sha256:321037a64c02acb13b5bde193b461c0514dca236a9f5236c847a3240313c297f", size = 3720530, upload-time = "2026-01-05T10:23:51.957Z" },
    { url = "https://files.pythonhosted.org/packages/1d/4a/210f0e1f8e77956ed1296c8b9bac2093413c1669ea0e923f590f2827aa1a/confluent_kafka-2.13.0-cp312-cp312-manylinux_2_28_x86_64.whl", hash = "sha256:d7a71ca8fd42d3eefa22eb202e7fc8a419e0fd4e3b59862918c21f4d1074f0c5", size = 3977296, upload-time = "2026-01-05T10:23:56.743Z" },
    { url = "https://files.pythonhosted.org/packages/b0/bc/d51f48200bb7bec521289c0b70691ea73f91aa76529b1bff807bcbf89b12/confluent_kafka-2.13.0-cp312-cp312-win_amd64.whl", hash = "sha256:37dddb1b92829b8862bc4fbce07789a79b73aa31eca413f3db187721a09975ff", size = 4093802, upload-time = "2026-01-05T10:23:58.703Z" },
    { url = "https://files.pythonhosted.org/packages/77/bd/c2ab440b4c4847a37b21e9623bbeaf17982ca45595ad62b8435a26d680f7/confluent_kafka-2.13.0-cp313-cp313-macosx_13_0_arm64.whl", hash = "sha256:0af90b3c566786017a01693da0ec4a876ca14cf37bc6164872652a6cf2702453", size = 3195849, upload-time = "2026-01-05T10:24:00.854Z" },
    { url = "https://files.pythonhosted.org/packages/6a/40/a25a5895cf522bada81fc7ba6c0ad29219843206ede4e8d2138b7b095652/confluent_kafka-2.13.0-cp313-cp313-macosx_13_0_x86_64.whl", hash = "sha256:f25d05604dd92e9de72707582dded53aeb4737ef2e2c097a3ca08650200fc446", size = 3634806, upload-time = "2026-01-05T10:24:05.496Z" },
    { url = "https://files.pythonhosted.org/packages/fd/46/db30d27184ac8fb673ca469d576ef582def0b613a69456631734f7a5e267/confluent_kafka-2.13.0-cp313-cp313-manylinux_2_28_aarch64.whl", hash = "sha256:74ddf5ec7fa6058221a619c850f44bdbe8d969d7ed6efe8abdc857d2e233df20", size = 3720848, upload-time = "2026-01-05T10:24:07.831Z" },
    { url = "https://files.pythonhosted.org/packages/fc/f8/5b940a080ab71fc3c585839eae0c26341a749a7ebc001fca0276aff9df40/confluent_kafka-2.13.0-cp313-cp313-manylinux_2_28_x86_64.whl", hash = "sha256:f8d1d00397f3f32a1bcf4604d4164bf75838bd009e1e28282a7ae25e16814ea4", size = 3977677, upload-time = "2026-01-05T10:24:09.988Z" },
    { url = "https://files.pythonhosted.org/packages/e1/cf/f9f979c08cfe1b8fd9203b329fc5c8c410e948f01272434bc1ce0c6334a5/confluent_kafka-2.13.0-cp313-cp313-win_amd64.whl", hash = "sha256:9d1fd035e2c47c4db5fe9b0f59a28fe2f2f1012887290dd0ea7d46741f686e99", size = 4153481, upload-time = "2026-01-05T10:24:12.167Z" },
    { url = "https://files.pythonhosted.org/packages/06/3f/c2120c002f85c5401d8ea29558acf041ad968b33cfca83916a7c0a740d53/confluent_kafka-2.13.0-cp314-cp314-macosx_13_0_arm64.whl", hash = "sha256:d448537147a33dd8c17656732989ddfe1d4a25a40bcb5f59bc63dc0a5041dd83", size = 3195696, upload-time = "2026-01-05T10:24:14.422Z" },
    { url = "https://files.pythonhosted.org/packages/35/b9/da4ef8fca4cbc76b6040a97a92085c09c0f23c42424989a2d68cec42c8d6/confluent_kafka-2.13.0-cp314-cp314-macosx_13_0_x86_64.whl", hash = "sha256:1325585f9fc283c32c30df4226178dc89cf43d00f5c240e1f77ddedc94573690", size = 3634632, upload-time = "2026-01-05T10:24:16.575Z" },
    { url = "https://files.pythonhosted.org/packages/09/ed/c7d5cc3c57aec126ffb12ffa5f4584acd264446a4117db3ad2dd69e47afe/confluent_kafka-2.13.0-cp314-cp314-manylinux_2_28_aarch64.whl", hash = "sha256:266bbea18ce99f6e77ce0e9a118f353447c8705792ef5745eabcc5c6db08794a", size = 3720650, upload-time = "2026-01-05T10:24:18.657Z" },
    { url = "https://files.pythonhosted.org/packages/c3/2b/0a93b63a46b2ceaac3de92d494e32aab21bec398b40ac89108bbaa6894c3/confluent_kafka-2.13.0-cp314-cp314-manylinux_2_28_x86_64.whl", hash = "sha256:7a373a1a3dd8e02dd218946583e951791480921fd777faeaf601c2834e2a6c0d", size = 3977364, upload-time = "2026-01-05T10:24:23.677Z" },
    { url = "https://files.pythonhosted.org/packages/46/00/80ea6872421c4e30e033e035e5bdcf44c054993d5721623841c59b5f04c1/confluent_kafka-2.13.0-cp314-cp314-win_amd64.whl", hash = "sha256:da956b2141d9f425dbfc3cf1c244ef6d0633b83fc5ceada6f496099258e63a68", size = 4271874, upload-time = "2026-01-05T10:24:26.265Z" },
    { url = "https://files.pythonhosted.org/packages/fc/1a/e6fe016bea63343010f485a1ecebfdc00d9b6e95ef6fe52a1d7793c0339c/confluent_kafka-2.13.0-cp314-cp314t-macosx_13_0_arm64.whl", hash = "sha256:fa354e9fb95e26545decd429477072ea3a98a2e7acac11d09156772e06f14680", size = 3194480, upload-time = "2026-01-05T10:24:28.515Z" },
    { url = "https://files.pythonhosted.org/packages/fb/54/c9668f214f2e736e51e2874053fe1ebcb8784425fefcfd6fd0d384dc5dcf/confluent_kafka-2.13.0-cp314-cp314t-macosx_13_0_x86_64.whl", hash = "sha256:e256dc3a993bf5fde0fa4a1b6a5b72e3521cedbc9dc4d7a65f159afa4b72e5b4", size = 3632866, upload-time = "2026-01-05T10:24:30.689Z" },
    { url = "https://files.pythonhosted.org/packages/13/f5/83e989962077003d91ba249158c7a1e21696604c301b3680fcbb427005d0/confluent_kafka-2.13.0-cp314-cp314t-manylinux_2_28_aarch64.whl", hash = "sha256:eb7988038b7f13ea490af93b9165ed40a3f385fb91e99ce8dacee8890e36e48a", size = 3718956, upload-time = "2026-01-05T10:24:33.035Z" },
    { url = "https://files.pythonhosted.org/packages/b8/84/1aaa5cfe1695f02d11e02ef39f180567780348b1f3e1161575f002a207fe/confluent_kafka-2.13.0-cp314-cp314t-manylinux_2_28_x86_64.whl", hash = "sha256:cfd8f011b0b0a109f8747312dba6cee45b39fb53fc7d53f28813bce84a91228d", size = 3976235, upload-time = "2026-01-05T10:24:35.122Z" },
]

[[package]]
name = "duckdb"
version = "1.4.3"
source = { registry = "https://pypi.org/simple" }
sdist = { url = "https://files.pythonhosted.org/packages/7f/da/17c3eb5458af69d54dedc8d18e4a32ceaa8ce4d4c699d45d6d8287e790c3/duckdb-1.4.3.tar.gz", hash = "sha256:fea43e03604c713e25a25211ada87d30cd2a044d8f27afab5deba26ac49e5268", size = 18478418, upload-time = "2025-12-09T10:59:22.945Z" }
wheels = [
    { url = "https://files.pythonhosted.org/packages/5a/d7/fdc2139b94297fc5659110a38adde293d025e320673ae5e472b95d323c50/duckdb-1.4.3-cp312-cp312-macosx_10_13_universal2.whl", hash = "sha256:6302452e57aef29aae3977063810ed7b2927967b97912947b9cca45c1c21955f", size = 29033112, upload-time = "2025-12-09T10:58:16.52Z" },
    { url = "https://files.pythonhosted.org/packages/eb/d9/ca93df1ce19aef8f799e3aaacf754a4dde7e9169c0b333557752d21d076a/duckdb-1.4.3-cp312-cp312-macosx_10_13_x86_64.whl", hash = "sha256:deab351ac43b6282a3270e3d40e3d57b3b50f472d9fd8c30975d88a31be41231", size = 15414646, upload-time = "2025-12-09T10:58:19.36Z" },
    { url = "https://files.pythonhosted.org/packages/16/90/9f2748e740f5fc05b739e7c5c25aab6ab4363e5da4c3c70419c7121dc806/duckdb-1.4.3-cp312-cp312-macosx_11_0_arm64.whl", hash = "sha256:5634e40e1e2d972e4f75bced1fbdd9e9e90faa26445c1052b27de97ee546944a", size = 13740477, upload-time = "2025-12-09T10:58:21.778Z" },
    { url = "https://files.pythonhosted.org/packages/5f/ec/279723615b4fb454efd823b7efe97cf2504569e2e74d15defbbd6b027901/duckdb-1.4.3-cp312-cp312-manylinux_2_26_aarch64.manylinux_2_28_aarch64.whl", hash = "sha256:274d4a31aba63115f23e7e7b401e3e3a937f3626dc9dea820a9c7d3073f450d2", size = 18483715, upload-time = "2025-12-09T10:58:24.346Z" },
    { url = "https://files.pythonhosted.org/packages/10/63/af20cd20fd7fd6565ea5a1578c16157b6a6e07923e459a6f9b0dc9ada308/duckdb-1.4.3-cp312-cp312-manylinux_2_26_x86_64.manylinux_2_28_x86_64.whl", hash = "sha256:4f868a7e6d9b37274a1aa34849ea92aa964e9bd59a5237d6c17e8540533a1e4f", size = 20495188, upload-time = "2025-12-09T10:58:26.806Z" },
    { url = "https://files.pythonhosted.org/packages/8c/ab/0acb4b64afb2cc6c1d458a391c64e36be40137460f176c04686c965ce0e0/duckdb-1.4.3-cp312-cp312-win_amd64.whl", hash = "sha256:ef7ef15347ce97201b1b5182a5697682679b04c3374d5a01ac10ba31cf791b95", size = 12335622, upload-time = "2025-12-09T10:58:29.707Z" },
    { url = "https://files.pythonhosted.org/packages/50/d5/2a795745f6597a5e65770141da6efdc4fd754e5ee6d652f74bcb7f9c7759/duckdb-1.4.3-cp312-cp312-win_arm64.whl", hash = "sha256:1b9b445970fd18274d5ac07a0b24c032e228f967332fb5ebab3d7db27738c0e4", size = 13075834, upload-time = "2025-12-09T10:58:32.036Z" },
    { url = "https://files.pythonhosted.org/packages/fd/76/288cca43a10ddd082788e1a71f1dc68d9130b5d078c3ffd0edf2f3a8719f/duckdb-1.4.3-cp313-cp313-macosx_10_13_universal2.whl", hash = "sha256:16952ac05bd7e7b39946695452bf450db1ebbe387e1e7178e10f593f2ea7b9a8", size = 29033392, upload-time = "2025-12-09T10:58:34.631Z" },
    { url = "https://files.pythonhosted.org/packages/64/07/cbad3d3da24af4d1add9bccb5fb390fac726ffa0c0cebd29bf5591cef334/duckdb-1.4.3-cp313-cp313-macosx_10_13_x86_64.whl", hash = "sha256:de984cd24a6cbefdd6d4a349f7b9a46e583ca3e58ce10d8def0b20a6e5fcbe78", size = 15414567, upload-time = "2025-12-09T10:58:37.051Z" },
    { url = "https://files.pythonhosted.org/packages/c4/19/57af0cc66ba2ffb8900f567c9aec188c6ab2a7b3f2260e9c6c3c5f9b57b1/duckdb-1.4.3-cp313-cp313-macosx_11_0_arm64.whl", hash = "sha256:1e5457dda91b67258aae30fb1a0df84183a9f6cd27abac1d5536c0d876c6dfa1", size = 13740960, upload-time = "2025-12-09T10:58:39.658Z" },
    { url = "https://files.pythonhosted.org/packages/73/dd/23152458cf5fd51e813fadda60b9b5f011517634aa4bb9301f5f3aa951d8/duckdb-1.4.3-cp313-cp313-manylinux_2_26_aarch64.manylinux_2_28_aarch64.whl", hash = "sha256:006aca6a6d6736c441b02ff5c7600b099bb8b7f4de094b8b062137efddce42df", size = 18484312, upload-time = "2025-12-09T10:58:42.054Z" },
    { url = "https://files.pythonhosted.org/packages/1a/7b/adf3f611f11997fc429d4b00a730604b65d952417f36a10c4be6e38e064d/duckdb-1.4.3-cp313-cp313-manylinux_2_26_x86_64.manylinux_2_28_x86_64.whl", hash = "sha256:a2813f4635f4d6681cc3304020374c46aca82758c6740d7edbc237fe3aae2744", size = 20495571, upload-time = "2025-12-09T10:58:44.646Z" },
    { url = "https://files.pythonhosted.org/packages/40/d5/6b7ddda7713a788ab2d622c7267ec317718f2bdc746ce1fca49b7ff0e50f/duckdb-1.4.3-cp313-cp313-win_amd64.whl", hash = "sha256:6db124f53a3edcb32b0a896ad3519e37477f7e67bf4811cb41ab60c1ef74e4c8", size = 12335680, upload-time = "2025-12-09T10:58:46.883Z" },
    { url = "https://files.pythonhosted.org/packages/e8/28/0670135cf54525081fded9bac1254f78984e3b96a6059cd15aca262e3430/duckdb-1.4.3-cp313-cp313-win_arm64.whl", hash = "sha256:a8b0a8764e1b5dd043d168c8f749314f7a1252b5a260fa415adaa26fa3b958fd", size = 13075161, upload-time = "2025-12-09T10:58:49.47Z" },
    { url = "https://files.pythonhosted.org/packages/b6/f4/a38651e478fa41eeb8e43a0a9c0d4cd8633adea856e3ac5ac95124b0fdbf/duckdb-1.4.3-cp314-cp314-macosx_10_15_universal2.whl", hash = "sha256:316711a9e852bcfe1ed6241a5f654983f67e909e290495f3562cccdf43be8180", size = 29042272, upload-time = "2025-12-09T10:58:51.826Z" },
    { url = "https://files.pythonhosted.org/packages/16/de/2cf171a66098ce5aeeb7371511bd2b3d7b73a2090603b0b9df39f8aaf814/duckdb-1.4.3-cp314-cp314-macosx_10_15_x86_64.whl", hash = "sha256:9e625b2b4d52bafa1fd0ebdb0990c3961dac8bb00e30d327185de95b68202131", size = 15419343, upload-time = "2025-12-09T10:58:54.439Z" },
    { url = "https://files.pythonhosted.org/packages/35/28/6b0a7830828d4e9a37420d87e80fe6171d2869a9d3d960bf5d7c3b8c7ee4/duckdb-1.4.3-cp314-cp314-macosx_11_0_arm64.whl", hash = "sha256:130c6760f6c573f9c9fe9aba56adba0fab48811a4871b7b8fd667318b4a3e8da", size = 13748905, upload-time = "2025-12-09T10:58:56.656Z" },
    { url = "https://files.pythonhosted.org/packages/15/4d/778628e194d63967870873b9581c8a6b4626974aa4fbe09f32708a2d3d3a/duckdb-1.4.3-cp314-cp314-manylinux_2_26_aarch64.manylinux_2_28_aarch64.whl", hash = "sha256:20c88effaa557a11267706b01419c542fe42f893dee66e5a6daa5974ea2d4a46", size = 18487261, upload-time = "2025-12-09T10:58:58.866Z" },
    { url = "https://files.pythonhosted.org/packages/c6/5f/87e43af2e4a0135f9675449563e7c2f9b6f1fe6a2d1691c96b091f3904dd/duckdb-1.4.3-cp314-cp314-manylinux_2_26_x86_64.manylinux_2_28_x86_64.whl", hash = "sha256:1b35491db98ccd11d151165497c084a9d29d3dc42fc80abea2715a6c861ca43d", size = 20497138, upload-time = "2025-12-09T10:59:01.241Z" },
    { url = "https://files.pythonhosted.org/packages/94/41/abec537cc7c519121a2a83b9a6f180af8915fabb433777dc147744513e74/duckdb-1.4.3-cp314-cp314-win_amd64.whl", hash = "sha256:23b12854032c1a58d0452e2b212afa908d4ce64171862f3792ba9a596ba7c765", size = 12836056, upload-time = "2025-12-09T10:59:03.388Z" },
    { url = "https://files.pythonhosted.org/packages/b1/5a/8af5b96ce5622b6168854f479ce846cf7fb589813dcc7d8724233c37ded3/duckdb-1.4.3-cp314-cp314-win_arm64.whl", hash = "sha256:90f241f25cffe7241bf9f376754a5845c74775e00e1c5731119dc88cd71e0cb2", size = 13527759, upload-time = "2025-12-09T10:59:05.496Z" },
]

[[package]]
name = "project-4-debezium"
version = "0.1.0"
source = { virtual = "." }
dependencies = [
    { name = "confluent-kafka" },
    { name = "duckdb" },
    { name = "python-dotenv" },
]

[package.metadata]
requires-dist = [
    { name = "confluent-kafka", specifier = "==2.13.0" },
    { name = "duckdb", specifier = "==1.4.3" },
    { name = "python-dotenv", specifier = "==1.2.1" },
]

[[package]]
name = "python-dotenv"
version = "1.2.1"
source = { registry = "https://pypi.org/simple" }
sdist = { url = "https://files.pythonhosted.org/packages/f0/26/19cadc79a718c5edbec86fd4919a6b6d3f681039a2f6d66d14be94e75fb9/python_dotenv-1.2.1.tar.gz", hash = "sha256:42667e897e16ab0d66954af0e60a9caa94f0fd4ecf3aaf6d2d260eec1aa36ad6", size = 44221, upload-time = "2025-10-26T15:12:10.434Z" }
wheels = [
    { url = "https://files.pythonhosted.org/packages/14/1b/a298b06749107c305e1fe0f814c6c74aea7b2f1e10989cb30f544a1b3253/python_dotenv-1.2.1-py3-none-any.whl", hash = "sha256:b81ee9561e9ca4004139c6cbba3a238c32b03e4894671e181b671e8cb8425d61", size = 21230, upload-time = "2025-10-26T15:12:09.109Z" },
]
